// !$*UTF8*$!
{
	archiveVersion = 1;
	classes = {
	};
	objectVersion = 50;
	objects = {

/* Begin PBXBuildFile section */
		716641D8228B35A400500934 /* AppDelegate.swift in Sources */ = {isa = PBXBuildFile; fileRef = 716641D7228B35A400500934 /* AppDelegate.swift */; };
		716641DA228B35A400500934 /* ViewController.swift in Sources */ = {isa = PBXBuildFile; fileRef = 716641D9228B35A400500934 /* ViewController.swift */; };
		716641DD228B35A400500934 /* Main.storyboard in Resources */ = {isa = PBXBuildFile; fileRef = 716641DB228B35A400500934 /* Main.storyboard */; };
		716641DF228B35A500500934 /* Assets.xcassets in Resources */ = {isa = PBXBuildFile; fileRef = 716641DE228B35A500500934 /* Assets.xcassets */; };
		716641E2228B35A500500934 /* LaunchScreen.storyboard in Resources */ = {isa = PBXBuildFile; fileRef = 716641E0228B35A500500934 /* LaunchScreen.storyboard */; };
		F387A89944A297B5C46CBB64 /* Pods_Climat.framework in Frameworks */ = {isa = PBXBuildFile; fileRef = C71A7293BDA405A748CCB58D /* Pods_Climat.framework */; };
/* End PBXBuildFile section */

/* Begin PBXFileReference section */
		189E5ABE536538525C205F24 /* Pods-Climat.release.xcconfig */ = {isa = PBXFileReference; includeInIndex = 1; lastKnownFileType = text.xcconfig; name = "Pods-Climat.release.xcconfig"; path = "Pods/Target Support Files/Pods-Climat/Pods-Climat.release.xcconfig"; sourceTree = "<group>"; };
		716641D4228B35A400500934 /* Climat.app */ = {isa = PBXFileReference; explicitFileType = wrapper.application; includeInIndex = 0; path = Climat.app; sourceTree = BUILT_PRODUCTS_DIR; };
		716641D7228B35A400500934 /* AppDelegate.swift */ = {isa = PBXFileReference; lastKnownFileType = sourcecode.swift; path = AppDelegate.swift; sourceTree = "<group>"; };
		716641D9228B35A400500934 /* ViewController.swift */ = {isa = PBXFileReference; lastKnownFileType = sourcecode.swift; path = ViewController.swift; sourceTree = "<group>"; };
		716641DC228B35A400500934 /* Base */ = {isa = PBXFileReference; lastKnownFileType = file.storyboard; name = Base; path = Base.lproj/Main.storyboard; sourceTree = "<group>"; };
		716641DE228B35A500500934 /* Assets.xcassets */ = {isa = PBXFileReference; lastKnownFileType = folder.assetcatalog; path = Assets.xcassets; sourceTree = "<group>"; };
		716641E1228B35A500500934 /* Base */ = {isa = PBXFileReference; lastKnownFileType = file.storyboard; name = Base; path = Base.lproj/LaunchScreen.storyboard; sourceTree = "<group>"; };
		716641E3228B35A500500934 /* Info.plist */ = {isa = PBXFileReference; lastKnownFileType = text.plist.xml; path = Info.plist; sourceTree = "<group>"; };
		A6C980C217AF469BA5AA97F2 /* Pods-Climat.debug.xcconfig */ = {isa = PBXFileReference; includeInIndex = 1; lastKnownFileType = text.xcconfig; name = "Pods-Climat.debug.xcconfig"; path = "Pods/Target Support Files/Pods-Climat/Pods-Climat.debug.xcconfig"; sourceTree = "<group>"; };
		C71A7293BDA405A748CCB58D /* Pods_Climat.framework */ = {isa = PBXFileReference; explicitFileType = wrapper.framework; includeInIndex = 0; path = Pods_Climat.framework; sourceTree = BUILT_PRODUCTS_DIR; };
/* End PBXFileReference section */

/* Begin PBXFrameworksBuildPhase section */
		716641D1228B35A400500934 /* Frameworks */ = {
			isa = PBXFrameworksBuildPhase;
			buildActionMask = 2147483647;
			files = (
				F387A89944A297B5C46CBB64 /* Pods_Climat.framework in Frameworks */,
			);
			runOnlyForDeploymentPostprocessing = 0;
		};
/* End PBXFrameworksBuildPhase section */

/* Begin PBXGroup section */
		06FA3E88A79BD248B98BCBA7 /* Frameworks */ = {
			isa = PBXGroup;
			children = (
				C71A7293BDA405A748CCB58D /* Pods_Climat.framework */,
			);
			name = Frameworks;
			sourceTree = "<group>";
		};
		43CF354DA0D3A480B9EAFBE0 /* Pods */ = {
			isa = PBXGroup;
			children = (
				A6C980C217AF469BA5AA97F2 /* Pods-Climat.debug.xcconfig */,
				189E5ABE536538525C205F24 /* Pods-Climat.release.xcconfig */,
			);
			name = Pods;
			sourceTree = "<group>";
		};
		716641CB228B35A400500934 = {
			isa = PBXGroup;
			children = (
				716641D6228B35A400500934 /* Climat */,
				716641D5228B35A400500934 /* Products */,
				43CF354DA0D3A480B9EAFBE0 /* Pods */,
				06FA3E88A79BD248B98BCBA7 /* Frameworks */,
			);
			sourceTree = "<group>";
		};
		716641D5228B35A400500934 /* Products */ = {
			isa = PBXGroup;
			children = (
				716641D4228B35A400500934 /* Climat.app */,
			);
			name = Products;
			sourceTree = "<group>";
		};
		716641D6228B35A400500934 /* Climat */ = {
			isa = PBXGroup;
			children = (
				716641D7228B35A400500934 /* AppDelegate.swift */,
				716641EB228B361000500934 /* Model */,
				716641EA228B360600500934 /* Controller */,
				716641E9228B35F400500934 /* View */,
				716641DE228B35A500500934 /* Assets.xcassets */,
				716641E3228B35A500500934 /* Info.plist */,
			);
			path = Climat;
			sourceTree = "<group>";
		};
		716641E9228B35F400500934 /* View */ = {
			isa = PBXGroup;
			children = (
				716641DB228B35A400500934 /* Main.storyboard */,
				716641E0228B35A500500934 /* LaunchScreen.storyboard */,
			);
			path = View;
			sourceTree = "<group>";
		};
		716641EA228B360600500934 /* Controller */ = {
			isa = PBXGroup;
			children = (
				716641D9228B35A400500934 /* ViewController.swift */,
			);
			path = Controller;
			sourceTree = "<group>";
		};
		716641EB228B361000500934 /* Model */ = {
			isa = PBXGroup;
			children = (
			);
			name = Model;
			sourceTree = "<group>";
		};
/* End PBXGroup section */

/* Begin PBXNativeTarget section */
		716641D3228B35A400500934 /* Climat */ = {
			isa = PBXNativeTarget;
			buildConfigurationList = 716641E6228B35A500500934 /* Build configuration list for PBXNativeTarget "Climat" */;
			buildPhases = (
				5F32C0B6AAEA967D4F9FAD88 /* [CP] Check Pods Manifest.lock */,
				716641D0228B35A400500934 /* Sources */,
				716641D1228B35A400500934 /* Frameworks */,
				716641D2228B35A400500934 /* Resources */,
				3B1FF057B8764F36B8F423AE /* [CP] Embed Pods Frameworks */,
			);
			buildRules = (
			);
			dependencies = (
			);
			name = Climat;
			productName = Climat;
			productReference = 716641D4228B35A400500934 /* Climat.app */;
			productType = "com.apple.product-type.application";
		};
/* End PBXNativeTarget section */

/* Begin PBXProject section */
		716641CC228B35A400500934 /* Project object */ = {
			isa = PBXProject;
			attributes = {
				LastSwiftUpdateCheck = 1020;
				LastUpgradeCheck = 1020;
				ORGANIZATIONNAME = ebukaa;
				TargetAttributes = {
					716641D3228B35A400500934 = {
						CreatedOnToolsVersion = 10.2.1;
					};
				};
			};
			buildConfigurationList = 716641CF228B35A400500934 /* Build configuration list for PBXProject "Climat" */;
			compatibilityVersion = "Xcode 9.3";
			developmentRegion = en;
			hasScannedForEncodings = 0;
			knownRegions = (
				en,
				Base,
			);
			mainGroup = 716641CB228B35A400500934;
			productRefGroup = 716641D5228B35A400500934 /* Products */;
			projectDirPath = "";
			projectRoot = "";
			targets = (
				716641D3228B35A400500934 /* Climat */,
			);
		};
/* End PBXProject section */

/* Begin PBXResourcesBuildPhase section */
		716641D2228B35A400500934 /* Resources */ = {
			isa = PBXResourcesBuildPhase;
			buildActionMask = 2147483647;
			files = (
				716641E2228B35A500500934 /* LaunchScreen.storyboard in Resources */,
				716641DF228B35A500500934 /* Assets.xcassets in Resources */,
				716641DD228B35A400500934 /* Main.storyboard in Resources */,
			);
			runOnlyForDeploymentPostprocessing = 0;
		};
/* End PBXResourcesBuildPhase section */

/* Begin PBXShellScriptBuildPhase section */
		3B1FF057B8764F36B8F423AE /* [CP] Embed Pods Frameworks */ = {
			isa = PBXShellScriptBuildPhase;
			buildActionMask = 2147483647;
			files = (
			);
			inputPaths = (
				"${SRCROOT}/Pods/Target Support Files/Pods-Climat/Pods-Climat-frameworks.sh",
				"${BUILT_PRODUCTS_DIR}/Alamofire/Alamofire.framework",
				"${BUILT_PRODUCTS_DIR}/SVProgressHUD/SVProgressHUD.framework",
				"${BUILT_PRODUCTS_DIR}/SwiftyJSON/SwiftyJSON.framework",
			);
			name = "[CP] Embed Pods Frameworks";
			outputPaths = (
				"${TARGET_BUILD_DIR}/${FRAMEWORKS_FOLDER_PATH}/Alamofire.framework",
				"${TARGET_BUILD_DIR}/${FRAMEWORKS_FOLDER_PATH}/SVProgressHUD.framework",
				"${TARGET_BUILD_DIR}/${FRAMEWORKS_FOLDER_PATH}/SwiftyJSON.framework",
			);
			runOnlyForDeploymentPostprocessing = 0;
			shellPath = /bin/sh;
			shellScript = "\"${SRCROOT}/Pods/Target Support Files/Pods-Climat/Pods-Climat-frameworks.sh\"\n";
			showEnvVarsInLog = 0;
		};
		5F32C0B6AAEA967D4F9FAD88 /* [CP] Check Pods Manifest.lock */ = {
			isa = PBXShellScriptBuildPhase;
			buildActionMask = 2147483647;
			files = (
			);
			inputPaths = (
				"${PODS_PODFILE_DIR_PATH}/Podfile.lock",
				"${PODS_ROOT}/Manifest.lock",
			);
			name = "[CP] Check Pods Manifest.lock";
			outputPaths = (
				"$(DERIVED_FILE_DIR)/Pods-Climat-checkManifestLockResult.txt",
			);
			runOnlyForDeploymentPostprocessing = 0;
			shellPath = /bin/sh;
			shellScript = "diff \"${PODS_PODFILE_DIR_PATH}/Podfile.lock\" \"${PODS_ROOT}/Manifest.lock\" > /dev/null\nif [ $? != 0 ] ; then\n    # print error to STDERR\n    echo \"error: The sandbox is not in sync with the Podfile.lock. Run 'pod install' or update your CocoaPods installation.\" >&2\n    exit 1\nfi\n# This output is used by Xcode 'outputs' to avoid re-running this script phase.\necho \"SUCCESS\" > \"${SCRIPT_OUTPUT_FILE_0}\"\n";
			showEnvVarsInLog = 0;
		};
/* End PBXShellScriptBuildPhase section */

/* Begin PBXSourcesBuildPhase section */
		716641D0228B35A400500934 /* Sources */ = {
			isa = PBXSourcesBuildPhase;
			buildActionMask = 2147483647;
			files = (
				716641DA228B35A400500934 /* ViewController.swift in Sources */,
				716641D8228B35A400500934 /* AppDelegate.swift in Sources */,
			);
			runOnlyForDeploymentPostprocessing = 0;
		};
/* End PBXSourcesBuildPhase section */

/* Begin PBXVariantGroup section */
		716641DB228B35A400500934 /* Main.storyboard */ = {
			isa = PBXVariantGroup;
			children = (
				716641DC228B35A400500934 /* Base */,
			);
			name = Main.storyboard;
			sourceTree = "<group>";
		};
		716641E0228B35A500500934 /* LaunchScreen.storyboard */ = {
			isa = PBXVariantGroup;
			children = (
				716641E1228B35A500500934 /* Base */,
			);
			name = LaunchScreen.storyboard;
			sourceTree = "<group>";
		};
/* End PBXVariantGroup section */

/* Begin XCBuildConfiguration section */
		716641E4228B35A500500934 /* Debug */ = {
			isa = XCBuildConfiguration;
			buildSettings = {
				ALWAYS_SEARCH_USER_PATHS = NO;
				CLANG_ANALYZER_NONNULL = YES;
				CLANG_ANALYZER_NUMBER_OBJECT_CONVERSION = YES_AGGRESSIVE;
				CLANG_CXX_LANGUAGE_STANDARD = "gnu++14";
				CLANG_CXX_LIBRARY = "libc++";
				CLANG_ENABLE_MODULES = YES;
				CLANG_ENABLE_OBJC_ARC = YES;
				CLANG_ENABLE_OBJC_WEAK = YES;
				CLANG_WARN_BLOCK_CAPTURE_AUTORELEASING = YES;
				CLANG_WARN_BOOL_CONVERSION = YES;
				CLANG_WARN_COMMA = YES;
				CLANG_WARN_CONSTANT_CONVERSION = YES;
				CLANG_WARN_DEPRECATED_OBJC_IMPLEMENTATIONS = YES;
				CLANG_WARN_DIRECT_OBJC_ISA_USAGE = YES_ERROR;
				CLANG_WARN_DOCUMENTATION_COMMENTS = YES;
				CLANG_WARN_EMPTY_BODY = YES;
				CLANG_WARN_ENUM_CONVERSION = YES;
				CLANG_WARN_INFINITE_RECURSION = YES;
				CLANG_WARN_INT_CONVERSION = YES;
				CLANG_WARN_NON_LITERAL_NULL_CONVERSION = YES;
				CLANG_WARN_OBJC_IMPLICIT_RETAIN_SELF = YES;
				CLANG_WARN_OBJC_LITERAL_CONVERSION = YES;
				CLANG_WARN_OBJC_ROOT_CLASS = YES_ERROR;
				CLANG_WARN_RANGE_LOOP_ANALYSIS = YES;
				CLANG_WARN_STRICT_PROTOTYPES = YES;
				CLANG_WARN_SUSPICIOUS_MOVE = YES;
				CLANG_WARN_UNGUARDED_AVAILABILITY = YES_AGGRESSIVE;
				CLANG_WARN_UNREACHABLE_CODE = YES;
				CLANG_WARN__DUPLICATE_METHOD_MATCH = YES;
				CODE_SIGN_IDENTITY = "iPhone Developer";
				COPY_PHASE_STRIP = NO;
				DEBUG_INFORMATION_FORMAT = dwarf;
				ENABLE_STRICT_OBJC_MSGSEND = YES;
				ENABLE_TESTABILITY = YES;
				GCC_C_LANGUAGE_STANDARD = gnu11;
				GCC_DYNAMIC_NO_PIC = NO;
				GCC_NO_COMMON_BLOCKS = YES;
				GCC_OPTIMIZATION_LEVEL = 0;
				GCC_PREPROCESSOR_DEFINITIONS = (
					"DEBUG=1",
					"$(inherited)",
				);
				GCC_WARN_64_TO_32_BIT_CONVERSION = YES;
				GCC_WARN_ABOUT_RETURN_TYPE = YES_ERROR;
				GCC_WARN_UNDECLARED_SELECTOR = YES;
				GCC_WARN_UNINITIALIZED_AUTOS = YES_AGGRESSIVE;
				GCC_WARN_UNUSED_FUNCTION = YES;
				GCC_WARN_UNUSED_VARIABLE = YES;
				IPHONEOS_DEPLOYMENT_TARGET = 12.2;
				MTL_ENABLE_DEBUG_INFO = INCLUDE_SOURCE;
				MTL_FAST_MATH = YES;
				ONLY_ACTIVE_ARCH = YES;
				SDKROOT = iphoneos;
				SWIFT_ACTIVE_COMPILATION_CONDITIONS = DEBUG;
				SWIFT_OPTIMIZATION_LEVEL = "-Onone";
			};
			name = Debug;
		};
		716641E5228B35A500500934 /* Release */ = {
			isa = XCBuildConfiguration;
			buildSettings = {
				ALWAYS_SEARCH_USER_PATHS = NO;
				CLANG_ANALYZER_NONNULL = YES;
				CLANG_ANALYZER_NUMBER_OBJECT_CONVERSION = YES_AGGRESSIVE;
				CLANG_CXX_LANGUAGE_STANDARD = "gnu++14";
				CLANG_CXX_LIBRARY = "libc++";
				CLANG_ENABLE_MODULES = YES;
				CLANG_ENABLE_OBJC_ARC = YES;
				CLANG_ENABLE_OBJC_WEAK = YES;
				CLANG_WARN_BLOCK_CAPTURE_AUTORELEASING = YES;
				CLANG_WARN_BOOL_CONVERSION = YES;
				CLANG_WARN_COMMA = YES;
				CLANG_WARN_CONSTANT_CONVERSION = YES;
				CLANG_WARN_DEPRECATED_OBJC_IMPLEMENTATIONS = YES;
				CLANG_WARN_DIRECT_OBJC_ISA_USAGE = YES_ERROR;
				CLANG_WARN_DOCUMENTATION_COMMENTS = YES;
				CLANG_WARN_EMPTY_BODY = YES;
				CLANG_WARN_ENUM_CONVERSION = YES;
				CLANG_WARN_INFINITE_RECURSION = YES;
				CLANG_WARN_INT_CONVERSION = YES;
				CLANG_WARN_NON_LITERAL_NULL_CONVERSION = YES;
				CLANG_WARN_OBJC_IMPLICIT_RETAIN_SELF = YES;
				CLANG_WARN_OBJC_LITERAL_CONVERSION = YES;
				CLANG_WARN_OBJC_ROOT_CLASS = YES_ERROR;
				CLANG_WARN_RANGE_LOOP_ANALYSIS = YES;
				CLANG_WARN_STRICT_PROTOTYPES = YES;
				CLANG_WARN_SUSPICIOUS_MOVE = YES;
				CLANG_WARN_UNGUARDED_AVAILABILITY = YES_AGGRESSIVE;
				CLANG_WARN_UNREACHABLE_CODE = YES;
				CLANG_WARN__DUPLICATE_METHOD_MATCH = YES;
				CODE_SIGN_IDENTITY = "iPhone Developer";
				COPY_PHASE_STRIP = NO;
				DEBUG_INFORMATION_FORMAT = "dwarf-with-dsym";
				ENABLE_NS_ASSERTIONS = NO;
				ENABLE_STRICT_OBJC_MSGSEND = YES;
				GCC_C_LANGUAGE_STANDARD = gnu11;
				GCC_NO_COMMON_BLOCKS = YES;
				GCC_WARN_64_TO_32_BIT_CONVERSION = YES;
				GCC_WARN_ABOUT_RETURN_TYPE = YES_ERROR;
				GCC_WARN_UNDECLARED_SELECTOR = YES;
				GCC_WARN_UNINITIALIZED_AUTOS = YES_AGGRESSIVE;
				GCC_WARN_UNUSED_FUNCTION = YES;
				GCC_WARN_UNUSED_VARIABLE = YES;
				IPHONEOS_DEPLOYMENT_TARGET = 12.2;
				MTL_ENABLE_DEBUG_INFO = NO;
				MTL_FAST_MATH = YES;
				SDKROOT = iphoneos;
				SWIFT_COMPILATION_MODE = wholemodule;
				SWIFT_OPTIMIZATION_LEVEL = "-O";
				VALIDATE_PRODUCT = YES;
			};
			name = Release;
		};
		716641E7228B35A500500934 /* Debug */ = {
			isa = XCBuildConfiguration;
			baseConfigurationReference = A6C980C217AF469BA5AA97F2 /* Pods-Climat.debug.xcconfig */;
			buildSettings = {
				ASSETCATALOG_COMPILER_APPICON_NAME = AppIcon;
				CODE_SIGN_STYLE = Automatic;
				DEVELOPMENT_TEAM = 676H9Q7S2W;
				INFOPLIST_FILE = Climat/Info.plist;
				LD_RUNPATH_SEARCH_PATHS = (
					"$(inherited)",
					"@executable_path/Frameworks",
				);
				PRODUCT_BUNDLE_IDENTIFIER = com.ebukaa.Climat;
				PRODUCT_NAME = "$(TARGET_NAME)";
				SWIFT_VERSION = 5.0;
				TARGETED_DEVICE_FAMILY = "1,2";
			};
			name = Debug;
		};
		716641E8228B35A500500934 /* Release */ = {
			isa = XCBuildConfiguration;
			baseConfigurationReference = 189E5ABE536538525C205F24 /* Pods-Climat.release.xcconfig */;
			buildSettings = {
				ASSETCATALOG_COMPILER_APPICON_NAME = AppIcon;
				CODE_SIGN_STYLE = Automatic;
				DEVELOPMENT_TEAM = 676H9Q7S2W;
				INFOPLIST_FILE = Climat/Info.plist;
				LD_RUNPATH_SEARCH_PATHS = (
					"$(inherited)",
					"@executable_path/Frameworks",
				);
				PRODUCT_BUNDLE_IDENTIFIER = com.ebukaa.Climat;
				PRODUCT_NAME = "$(TARGET_NAME)";
				SWIFT_VERSION = 5.0;
				TARGETED_DEVICE_FAMILY = "1,2";
			};
			name = Release;
		};
/* End XCBuildConfiguration section */

/* Begin XCConfigurationList section */
		716641CF228B35A400500934 /* Build configuration list for PBXProject "Climat" */ = {
			isa = XCConfigurationList;
			buildConfigurations = (
				716641E4228B35A500500934 /* Debug */,
				716641E5228B35A500500934 /* Release */,
			);
			defaultConfigurationIsVisible = 0;
			defaultConfigurationName = Release;
		};
		716641E6228B35A500500934 /* Build configuration list for PBXNativeTarget "Climat" */ = {
			isa = XCConfigurationList;
			buildConfigurations = (
				716641E7228B35A500500934 /* Debug */,
				716641E8228B35A500500934 /* Release */,
			);
			defaultConfigurationIsVisible = 0;
			defaultConfigurationName = Release;
		};
/* End XCConfigurationList section */
	};
	rootObject = 716641CC228B35A400500934 /* Project object */;
}
